
Microsoft Visual Studio Solution File, Format Version 12.00
# Visual Studio Version 17
VisualStudioVersion = 17.11.35303.130
MinimumVisualStudioVersion = 10.0.40219.1
Project("{9A19103F-16F7-4668-BE54-9A1E7A4F7556}") = "Lecture2", "Lecture2\Lecture2.csproj", "{83C7DB2D-2D22-4BAA-ACD1-D5DD7ED7A904}"
EndProject
Project("{9A19103F-16F7-4668-BE54-9A1E7A4F7556}") = "Lecture3", "Lecture3\Lecture3.csproj", "{EBA5A843-0F44-4043-9352-F0A4012D1D0E}"
EndProject
Project("{9A19103F-16F7-4668-BE54-9A1E7A4F7556}") = "Lecture4", "Lecture4\Lecture4.csproj", "{FE35C421-9142-42AC-BD01-E65460661501}"
EndProject
Project("{9A19103F-16F7-4668-BE54-9A1E7A4F7556}") = "Lecture5", "Lecture5\Lecture5.csproj", "{B12EBB58-1C41-4039-BD02-6220A39A25AE}"
EndProject
Project("{9A19103F-16F7-4668-BE54-9A1E7A4F7556}") = "Lecture6", "Lecture6\Lecture6.csproj", "{2800ACAF-6FAB-4116-9390-BAB4B4F454E1}"
EndProject
Project("{9A19103F-16F7-4668-BE54-9A1E7A4F7556}") = "Algorithms", "Algorithms\Algorithms.csproj", "{223E6E24-DDFD-4491-AC66-1D01D56CA53F}"
EndProject
Project("{9A19103F-16F7-4668-BE54-9A1E7A4F7556}") = "Lecture7", "Lecture7\Lecture7.csproj", "{7F0C80EC-928A-4BF8-A5A9-E74D57BD5564}"
EndProject
Project("{9A19103F-16F7-4668-BE54-9A1E7A4F7556}") = "Lecture8", "Lecture8\Lecture8.csproj", "{4FAB712F-B7D2-4398-B82D-9790AD54D9CD}"
EndProject
Project("{9A19103F-16F7-4668-BE54-9A1E7A4F7556}") = "Lecture9", "Lecture9\Lecture9.csproj", "{F436E44E-72A0-43A0-9087-F9E1C54AC418}"
EndProject
Project("{9A19103F-16F7-4668-BE54-9A1E7A4F7556}") = "Lecture10", "Lecture10\Lecture10.csproj", "{6E603110-BC76-44F7-AA60-D256D83E906E}"
EndProject
Project("{9A19103F-16F7-4668-BE54-9A1E7A4F7556}") = "Lecture11", "Lecture11\Lecture11.csproj", "{144334BC-3D83-4E1F-A371-385D9D425FF2}"
EndProject
Project("{FAE04EC0-301F-11D3-BF4B-00C04F79EFBC}") = "Lecture12", "Lecture12\Lecture12.csproj", "{DF5D4222-30F5-49D3-89CF-3CA8EDC85EA3}"
EndProject
Global
	GlobalSection(SolutionConfigurationPlatforms) = preSolution
		Debug|Any CPU = Debug|Any CPU
		Release|Any CPU = Release|Any CPU
	EndGlobalSection
	GlobalSection(ProjectConfigurationPlatforms) = postSolution
		{83C7DB2D-2D22-4BAA-ACD1-D5DD7ED7A904}.Debug|Any CPU.ActiveCfg = Debug|Any CPU
		{83C7DB2D-2D22-4BAA-ACD1-D5DD7ED7A904}.Debug|Any CPU.Build.0 = Debug|Any CPU
		{83C7DB2D-2D22-4BAA-ACD1-D5DD7ED7A904}.Release|Any CPU.ActiveCfg = Release|Any CPU
		{83C7DB2D-2D22-4BAA-ACD1-D5DD7ED7A904}.Release|Any CPU.Build.0 = Release|Any CPU
		{EBA5A843-0F44-4043-9352-F0A4012D1D0E}.Debug|Any CPU.ActiveCfg = Debug|Any CPU
		{EBA5A843-0F44-4043-9352-F0A4012D1D0E}.Debug|Any CPU.Build.0 = Debug|Any CPU
		{EBA5A843-0F44-4043-9352-F0A4012D1D0E}.Release|Any CPU.ActiveCfg = Release|Any CPU
		{EBA5A843-0F44-4043-9352-F0A4012D1D0E}.Release|Any CPU.Build.0 = Release|Any CPU
		{FE35C421-9142-42AC-BD01-E65460661501}.Debug|Any CPU.ActiveCfg = Debug|Any CPU
		{FE35C421-9142-42AC-BD01-E65460661501}.Debug|Any CPU.Build.0 = Debug|Any CPU
		{FE35C421-9142-42AC-BD01-E65460661501}.Release|Any CPU.ActiveCfg = Release|Any CPU
		{FE35C421-9142-42AC-BD01-E65460661501}.Release|Any CPU.Build.0 = Release|Any CPU
		{B12EBB58-1C41-4039-BD02-6220A39A25AE}.Debug|Any CPU.ActiveCfg = Debug|Any CPU
		{B12EBB58-1C41-4039-BD02-6220A39A25AE}.Debug|Any CPU.Build.0 = Debug|Any CPU
		{B12EBB58-1C41-4039-BD02-6220A39A25AE}.Release|Any CPU.ActiveCfg = Release|Any CPU
		{B12EBB58-1C41-4039-BD02-6220A39A25AE}.Release|Any CPU.Build.0 = Release|Any CPU
		{2800ACAF-6FAB-4116-9390-BAB4B4F454E1}.Debug|Any CPU.ActiveCfg = Debug|Any CPU
		{2800ACAF-6FAB-4116-9390-BAB4B4F454E1}.Debug|Any CPU.Build.0 = Debug|Any CPU
		{2800ACAF-6FAB-4116-9390-BAB4B4F454E1}.Release|Any CPU.ActiveCfg = Release|Any CPU
		{2800ACAF-6FAB-4116-9390-BAB4B4F454E1}.Release|Any CPU.Build.0 = Release|Any CPU
		{223E6E24-DDFD-4491-AC66-1D01D56CA53F}.Debug|Any CPU.ActiveCfg = Debug|Any CPU
		{223E6E24-DDFD-4491-AC66-1D01D56CA53F}.Debug|Any CPU.Build.0 = Debug|Any CPU
		{223E6E24-DDFD-4491-AC66-1D01D56CA53F}.Release|Any CPU.ActiveCfg = Release|Any CPU
		{223E6E24-DDFD-4491-AC66-1D01D56CA53F}.Release|Any CPU.Build.0 = Release|Any CPU
		{7F0C80EC-928A-4BF8-A5A9-E74D57BD5564}.Debug|Any CPU.ActiveCfg = Debug|Any CPU
		{7F0C80EC-928A-4BF8-A5A9-E74D57BD5564}.Debug|Any CPU.Build.0 = Debug|Any CPU
		{7F0C80EC-928A-4BF8-A5A9-E74D57BD5564}.Release|Any CPU.ActiveCfg = Release|Any CPU
		{7F0C80EC-928A-4BF8-A5A9-E74D57BD5564}.Release|Any CPU.Build.0 = Release|Any CPU
		{4FAB712F-B7D2-4398-B82D-9790AD54D9CD}.Debug|Any CPU.ActiveCfg = Debug|Any CPU
		{4FAB712F-B7D2-4398-B82D-9790AD54D9CD}.Debug|Any CPU.Build.0 = Debug|Any CPU
		{4FAB712F-B7D2-4398-B82D-9790AD54D9CD}.Release|Any CPU.ActiveCfg = Release|Any CPU
		{4FAB712F-B7D2-4398-B82D-9790AD54D9CD}.Release|Any CPU.Build.0 = Release|Any CPU
		{F436E44E-72A0-43A0-9087-F9E1C54AC418}.Debug|Any CPU.ActiveCfg = Debug|Any CPU
		{F436E44E-72A0-43A0-9087-F9E1C54AC418}.Debug|Any CPU.Build.0 = Debug|Any CPU
		{F436E44E-72A0-43A0-9087-F9E1C54AC418}.Release|Any CPU.ActiveCfg = Release|Any CPU
		{F436E44E-72A0-43A0-9087-F9E1C54AC418}.Release|Any CPU.Build.0 = Release|Any CPU
		{6E603110-BC76-44F7-AA60-D256D83E906E}.Debug|Any CPU.ActiveCfg = Debug|Any CPU
		{6E603110-BC76-44F7-AA60-D256D83E906E}.Debug|Any CPU.Build.0 = Debug|Any CPU
		{6E603110-BC76-44F7-AA60-D256D83E906E}.Release|Any CPU.ActiveCfg = Release|Any CPU
		{6E603110-BC76-44F7-AA60-D256D83E906E}.Release|Any CPU.Build.0 = Release|Any CPU
		{144334BC-3D83-4E1F-A371-385D9D425FF2}.Debug|Any CPU.ActiveCfg = Debug|Any CPU
		{144334BC-3D83-4E1F-A371-385D9D425FF2}.Debug|Any CPU.Build.0 = Debug|Any CPU
		{144334BC-3D83-4E1F-A371-385D9D425FF2}.Release|Any CPU.ActiveCfg = Release|Any CPU
		{144334BC-3D83-4E1F-A371-385D9D425FF2}.Release|Any CPU.Build.0 = Release|Any CPU
		{DF5D4222-30F5-49D3-89CF-3CA8EDC85EA3}.Debug|Any CPU.ActiveCfg = Debug|Any CPU
		{DF5D4222-30F5-49D3-89CF-3CA8EDC85EA3}.Debug|Any CPU.Build.0 = Debug|Any CPU
		{DF5D4222-30F5-49D3-89CF-3CA8EDC85EA3}.Release|Any CPU.ActiveCfg = Release|Any CPU
		{DF5D4222-30F5-49D3-89CF-3CA8EDC85EA3}.Release|Any CPU.Build.0 = Release|Any CPU
	EndGlobalSection
	GlobalSection(SolutionProperties) = preSolution
		HideSolutionNode = FALSE
	EndGlobalSection
	GlobalSection(ExtensibilityGlobals) = postSolution
		SolutionGuid = {F65238EA-4053-4CE1-ADD2-BFFA93F107D2}
	EndGlobalSection
EndGlobal
